
Microsoft Visual Studio Solution File, Format Version 12.00
# Visual Studio Version 16
VisualStudioVersion = 16.0.30523.141
MinimumVisualStudioVersion = 10.0.40219.1
Project("{FAE04EC0-301F-11D3-BF4B-00C04F79EFBC}") = "ObjectMapperExample", "ObjectMapperExample\ObjectMapperExample.csproj", "{B1BEDD8B-98BA-4F3F-A188-DE6BB43F987F}"
EndProject
Global
	GlobalSection(SolutionConfigurationPlatforms) = preSolution
		Debug|Any CPU = Debug|Any CPU
		Release|Any CPU = Release|Any CPU
	EndGlobalSection
	GlobalSection(ProjectConfigurationPlatforms) = postSolution
		{B1BEDD8B-98BA-4F3F-A188-DE6BB43F987F}.Debug|Any CPU.ActiveCfg = Debug|Any CPU
		{B1BEDD8B-98BA-4F3F-A188-DE6BB43F987F}.Debug|Any CPU.Build.0 = Debug|Any CPU
		{B1BEDD8B-98BA-4F3F-A188-DE6BB43F987F}.Release|Any CPU.ActiveCfg = Release|Any CPU
		{B1BEDD8B-98BA-4F3F-A188-DE6BB43F987F}.Release|Any CPU.Build.0 = Release|Any CPU
	EndGlobalSection
	GlobalSection(SolutionProperties) = preSolution
		HideSolutionNode = FALSE
	EndGlobalSection
	GlobalSection(ExtensibilityGlobals) = postSolution
		SolutionGuid = {E8F93CD3-B3D4-46D1-B43E-0C73D6D21D18}
	EndGlobalSection
EndGlobal
